
Microsoft Visual Studio Solution File, Format Version 12.00
# Visual Studio 15
VisualStudioVersion = 15.0.28307.572
MinimumVisualStudioVersion = 10.0.40219.1
Project("{FAE04EC0-301F-11D3-BF4B-00C04F79EFBC}") = "ExpertSystem", "ExpertSystem\ExpertSystem.csproj", "{661A77C7-C99B-49AD-9331-49850B5E5E9D}"
EndProject
Global
	GlobalSection(SolutionConfigurationPlatforms) = preSolution
		Debug|Any CPU = Debug|Any CPU
		Release|Any CPU = Release|Any CPU
	EndGlobalSection
	GlobalSection(ProjectConfigurationPlatforms) = postSolution
		{661A77C7-C99B-49AD-9331-49850B5E5E9D}.Debug|Any CPU.ActiveCfg = Debug|Any CPU
		{661A77C7-C99B-49AD-9331-49850B5E5E9D}.Debug|Any CPU.Build.0 = Debug|Any CPU
		{661A77C7-C99B-49AD-9331-49850B5E5E9D}.Release|Any CPU.ActiveCfg = Release|Any CPU
		{661A77C7-C99B-49AD-9331-49850B5E5E9D}.Release|Any CPU.Build.0 = Release|Any CPU
	EndGlobalSection
	GlobalSection(SolutionProperties) = preSolution
		HideSolutionNode = FALSE
	EndGlobalSection
	GlobalSection(ExtensibilityGlobals) = postSolution
		SolutionGuid = {55747783-4ABA-453D-905C-C4EFC5C1320E}
	EndGlobalSection
EndGlobal
